// !$*UTF8*$!
{
	archiveVersion = 1;
	classes = {
	};
	objectVersion = 46;
	objects = {

/* Begin PBXBuildFile section */
		339B67358E4DCAC275F7A423 /* libPods-BoomProject.a in Frameworks */ = {isa = PBXBuildFile; fileRef = 63458ACBD414A61E94B9DFDB /* libPods-BoomProject.a */; };
		400306C81E3E269A00C3367A /* FormTableViewCell.m in Sources */ = {isa = PBXBuildFile; fileRef = 400306C71E3E269A00C3367A /* FormTableViewCell.m */; };
		40A8BF5B1E3D287F00DD195B /* LoginViewController.m in Sources */ = {isa = PBXBuildFile; fileRef = 40A8BF5A1E3D287F00DD195B /* LoginViewController.m */; };
		40A8BF5E1E3D3F9700DD195B /* SettingsViewController.m in Sources */ = {isa = PBXBuildFile; fileRef = 40A8BF5D1E3D3F9700DD195B /* SettingsViewController.m */; };
		40A8BF611E3D4F9800DD195B /* InfoViewController.m in Sources */ = {isa = PBXBuildFile; fileRef = 40A8BF601E3D4F9800DD195B /* InfoViewController.m */; };
		40A8BF641E3DF4BC00DD195B /* FormViewController.m in Sources */ = {isa = PBXBuildFile; fileRef = 40A8BF631E3DF4BC00DD195B /* FormViewController.m */; };
		40F9A8DD1E3A12F3002D1219 /* main.m in Sources */ = {isa = PBXBuildFile; fileRef = 40F9A8DC1E3A12F3002D1219 /* main.m */; };
		40F9A8E01E3A12F3002D1219 /* AppDelegate.m in Sources */ = {isa = PBXBuildFile; fileRef = 40F9A8DF1E3A12F3002D1219 /* AppDelegate.m */; };
		40F9A8E61E3A12F3002D1219 /* Main.storyboard in Resources */ = {isa = PBXBuildFile; fileRef = 40F9A8E41E3A12F3002D1219 /* Main.storyboard */; };
		40F9A8E91E3A12F3002D1219 /* BoomProject.xcdatamodeld in Sources */ = {isa = PBXBuildFile; fileRef = 40F9A8E71E3A12F3002D1219 /* BoomProject.xcdatamodeld */; };
		40F9A8EB1E3A12F3002D1219 /* Assets.xcassets in Resources */ = {isa = PBXBuildFile; fileRef = 40F9A8EA1E3A12F3002D1219 /* Assets.xcassets */; };
		40F9A8EE1E3A12F3002D1219 /* LaunchScreen.storyboard in Resources */ = {isa = PBXBuildFile; fileRef = 40F9A8EC1E3A12F3002D1219 /* LaunchScreen.storyboard */; };
/* End PBXBuildFile section */

/* Begin PBXFileReference section */
		400306C61E3E269A00C3367A /* FormTableViewCell.h */ = {isa = PBXFileReference; fileEncoding = 4; lastKnownFileType = sourcecode.c.h; path = FormTableViewCell.h; sourceTree = "<group>"; };
		400306C71E3E269A00C3367A /* FormTableViewCell.m */ = {isa = PBXFileReference; fileEncoding = 4; lastKnownFileType = sourcecode.c.objc; path = FormTableViewCell.m; sourceTree = "<group>"; };
		40A8BF591E3D287F00DD195B /* LoginViewController.h */ = {isa = PBXFileReference; fileEncoding = 4; lastKnownFileType = sourcecode.c.h; path = LoginViewController.h; sourceTree = "<group>"; };
		40A8BF5A1E3D287F00DD195B /* LoginViewController.m */ = {isa = PBXFileReference; fileEncoding = 4; lastKnownFileType = sourcecode.c.objc; path = LoginViewController.m; sourceTree = "<group>"; };
		40A8BF5C1E3D3F9700DD195B /* SettingsViewController.h */ = {isa = PBXFileReference; fileEncoding = 4; lastKnownFileType = sourcecode.c.h; path = SettingsViewController.h; sourceTree = "<group>"; };
		40A8BF5D1E3D3F9700DD195B /* SettingsViewController.m */ = {isa = PBXFileReference; fileEncoding = 4; lastKnownFileType = sourcecode.c.objc; path = SettingsViewController.m; sourceTree = "<group>"; };
		40A8BF5F1E3D4F9800DD195B /* InfoViewController.h */ = {isa = PBXFileReference; fileEncoding = 4; lastKnownFileType = sourcecode.c.h; path = InfoViewController.h; sourceTree = "<group>"; };
		40A8BF601E3D4F9800DD195B /* InfoViewController.m */ = {isa = PBXFileReference; fileEncoding = 4; lastKnownFileType = sourcecode.c.objc; path = InfoViewController.m; sourceTree = "<group>"; };
		40A8BF621E3DF4BC00DD195B /* FormViewController.h */ = {isa = PBXFileReference; fileEncoding = 4; lastKnownFileType = sourcecode.c.h; path = FormViewController.h; sourceTree = "<group>"; };
		40A8BF631E3DF4BC00DD195B /* FormViewController.m */ = {isa = PBXFileReference; fileEncoding = 4; lastKnownFileType = sourcecode.c.objc; path = FormViewController.m; sourceTree = "<group>"; };
		40F9A8D81E3A12F3002D1219 /* BoomProject.app */ = {isa = PBXFileReference; explicitFileType = wrapper.application; includeInIndex = 0; path = BoomProject.app; sourceTree = BUILT_PRODUCTS_DIR; };
		40F9A8DC1E3A12F3002D1219 /* main.m */ = {isa = PBXFileReference; lastKnownFileType = sourcecode.c.objc; path = main.m; sourceTree = "<group>"; };
		40F9A8DE1E3A12F3002D1219 /* AppDelegate.h */ = {isa = PBXFileReference; lastKnownFileType = sourcecode.c.h; path = AppDelegate.h; sourceTree = "<group>"; };
		40F9A8DF1E3A12F3002D1219 /* AppDelegate.m */ = {isa = PBXFileReference; lastKnownFileType = sourcecode.c.objc; path = AppDelegate.m; sourceTree = "<group>"; };
		40F9A8E51E3A12F3002D1219 /* Base */ = {isa = PBXFileReference; lastKnownFileType = file.storyboard; name = Base; path = Base.lproj/Main.storyboard; sourceTree = "<group>"; };
		40F9A8E81E3A12F3002D1219 /* BoomProject.xcdatamodel */ = {isa = PBXFileReference; lastKnownFileType = wrapper.xcdatamodel; path = BoomProject.xcdatamodel; sourceTree = "<group>"; };
		40F9A8EA1E3A12F3002D1219 /* Assets.xcassets */ = {isa = PBXFileReference; lastKnownFileType = folder.assetcatalog; path = Assets.xcassets; sourceTree = "<group>"; };
		40F9A8ED1E3A12F3002D1219 /* Base */ = {isa = PBXFileReference; lastKnownFileType = file.storyboard; name = Base; path = Base.lproj/LaunchScreen.storyboard; sourceTree = "<group>"; };
		40F9A8EF1E3A12F3002D1219 /* Info.plist */ = {isa = PBXFileReference; lastKnownFileType = text.plist.xml; path = Info.plist; sourceTree = "<group>"; };
		63458ACBD414A61E94B9DFDB /* libPods-BoomProject.a */ = {isa = PBXFileReference; explicitFileType = archive.ar; includeInIndex = 0; path = "libPods-BoomProject.a"; sourceTree = BUILT_PRODUCTS_DIR; };
		CAB56724C070352C068DE274 /* Pods-BoomProject.debug.xcconfig */ = {isa = PBXFileReference; includeInIndex = 1; lastKnownFileType = text.xcconfig; name = "Pods-BoomProject.debug.xcconfig"; path = "Pods/Target Support Files/Pods-BoomProject/Pods-BoomProject.debug.xcconfig"; sourceTree = "<group>"; };
		E8C5435DE152BD3259FB1A8A /* Pods-BoomProject.release.xcconfig */ = {isa = PBXFileReference; includeInIndex = 1; lastKnownFileType = text.xcconfig; name = "Pods-BoomProject.release.xcconfig"; path = "Pods/Target Support Files/Pods-BoomProject/Pods-BoomProject.release.xcconfig"; sourceTree = "<group>"; };
/* End PBXFileReference section */

/* Begin PBXFrameworksBuildPhase section */
		40F9A8D51E3A12F3002D1219 /* Frameworks */ = {
			isa = PBXFrameworksBuildPhase;
			buildActionMask = 2147483647;
			files = (
				339B67358E4DCAC275F7A423 /* libPods-BoomProject.a in Frameworks */,
			);
			runOnlyForDeploymentPostprocessing = 0;
		};
/* End PBXFrameworksBuildPhase section */

/* Begin PBXGroup section */
		40F9A8CF1E3A12F3002D1219 = {
			isa = PBXGroup;
			children = (
				40F9A8DA1E3A12F3002D1219 /* BoomProject */,
				40F9A8D91E3A12F3002D1219 /* Products */,
				CB40FB3FEE02661D8C52EEF7 /* Pods */,
				9585A7F51FCFD800C5E81078 /* Frameworks */,
			);
			sourceTree = "<group>";
		};
		40F9A8D91E3A12F3002D1219 /* Products */ = {
			isa = PBXGroup;
			children = (
				40F9A8D81E3A12F3002D1219 /* BoomProject.app */,
			);
			name = Products;
			sourceTree = "<group>";
		};
		40F9A8DA1E3A12F3002D1219 /* BoomProject */ = {
			isa = PBXGroup;
			children = (
				40F9A8DE1E3A12F3002D1219 /* AppDelegate.h */,
				40F9A8DF1E3A12F3002D1219 /* AppDelegate.m */,
				40A8BF591E3D287F00DD195B /* LoginViewController.h */,
				40A8BF5A1E3D287F00DD195B /* LoginViewController.m */,
				40A8BF5C1E3D3F9700DD195B /* SettingsViewController.h */,
				40A8BF5D1E3D3F9700DD195B /* SettingsViewController.m */,
				40A8BF5F1E3D4F9800DD195B /* InfoViewController.h */,
				40A8BF601E3D4F9800DD195B /* InfoViewController.m */,
				40A8BF621E3DF4BC00DD195B /* FormViewController.h */,
				40A8BF631E3DF4BC00DD195B /* FormViewController.m */,
				400306C61E3E269A00C3367A /* FormTableViewCell.h */,
				400306C71E3E269A00C3367A /* FormTableViewCell.m */,
				40F9A8E41E3A12F3002D1219 /* Main.storyboard */,
				40F9A8EA1E3A12F3002D1219 /* Assets.xcassets */,
				40F9A8EC1E3A12F3002D1219 /* LaunchScreen.storyboard */,
				40F9A8EF1E3A12F3002D1219 /* Info.plist */,
				40F9A8E71E3A12F3002D1219 /* BoomProject.xcdatamodeld */,
				40F9A8DB1E3A12F3002D1219 /* Supporting Files */,
			);
			path = BoomProject;
			sourceTree = "<group>";
		};
		40F9A8DB1E3A12F3002D1219 /* Supporting Files */ = {
			isa = PBXGroup;
			children = (
				40F9A8DC1E3A12F3002D1219 /* main.m */,
			);
			name = "Supporting Files";
			sourceTree = "<group>";
		};
		9585A7F51FCFD800C5E81078 /* Frameworks */ = {
			isa = PBXGroup;
			children = (
				63458ACBD414A61E94B9DFDB /* libPods-BoomProject.a */,
			);
			name = Frameworks;
			sourceTree = "<group>";
		};
		CB40FB3FEE02661D8C52EEF7 /* Pods */ = {
			isa = PBXGroup;
			children = (
				CAB56724C070352C068DE274 /* Pods-BoomProject.debug.xcconfig */,
				E8C5435DE152BD3259FB1A8A /* Pods-BoomProject.release.xcconfig */,
			);
			name = Pods;
			sourceTree = "<group>";
		};
/* End PBXGroup section */

/* Begin PBXNativeTarget section */
		40F9A8D71E3A12F3002D1219 /* BoomProject */ = {
			isa = PBXNativeTarget;
			buildConfigurationList = 40F9A8F21E3A12F4002D1219 /* Build configuration list for PBXNativeTarget "BoomProject" */;
			buildPhases = (
				08C65034B78C1F576594008D /* [CP] Check Pods Manifest.lock */,
				40F9A8D41E3A12F3002D1219 /* Sources */,
				40F9A8D51E3A12F3002D1219 /* Frameworks */,
				40F9A8D61E3A12F3002D1219 /* Resources */,
				99C45854603DA6D1B66C8FCD /* [CP] Embed Pods Frameworks */,
				96B479017F7737782A6C03A0 /* [CP] Copy Pods Resources */,
			);
			buildRules = (
			);
			dependencies = (
			);
			name = BoomProject;
			productName = BoomProject;
			productReference = 40F9A8D81E3A12F3002D1219 /* BoomProject.app */;
			productType = "com.apple.product-type.application";
		};
/* End PBXNativeTarget section */

/* Begin PBXProject section */
		40F9A8D01E3A12F3002D1219 /* Project object */ = {
			isa = PBXProject;
			attributes = {
				LastUpgradeCheck = 0820;
				ORGANIZATIONNAME = "Mikayel Sahakyan";
				TargetAttributes = {
					40F9A8D71E3A12F3002D1219 = {
						CreatedOnToolsVersion = 8.2.1;
						DevelopmentTeam = 49W3Q6WK7W;
						ProvisioningStyle = Automatic;
					};
				};
			};
			buildConfigurationList = 40F9A8D31E3A12F3002D1219 /* Build configuration list for PBXProject "BoomProject" */;
			compatibilityVersion = "Xcode 3.2";
			developmentRegion = English;
			hasScannedForEncodings = 0;
			knownRegions = (
				en,
				Base,
			);
			mainGroup = 40F9A8CF1E3A12F3002D1219;
			productRefGroup = 40F9A8D91E3A12F3002D1219 /* Products */;
			projectDirPath = "";
			projectRoot = "";
			targets = (
				40F9A8D71E3A12F3002D1219 /* BoomProject */,
			);
		};
/* End PBXProject section */

/* Begin PBXResourcesBuildPhase section */
		40F9A8D61E3A12F3002D1219 /* Resources */ = {
			isa = PBXResourcesBuildPhase;
			buildActionMask = 2147483647;
			files = (
				40F9A8EE1E3A12F3002D1219 /* LaunchScreen.storyboard in Resources */,
				40F9A8EB1E3A12F3002D1219 /* Assets.xcassets in Resources */,
				40F9A8E61E3A12F3002D1219 /* Main.storyboard in Resources */,
			);
			runOnlyForDeploymentPostprocessing = 0;
		};
/* End PBXResourcesBuildPhase section */

/* Begin PBXShellScriptBuildPhase section */
		08C65034B78C1F576594008D /* [CP] Check Pods Manifest.lock */ = {
			isa = PBXShellScriptBuildPhase;
			buildActionMask = 2147483647;
			files = (
			);
			inputPaths = (
			);
			name = "[CP] Check Pods Manifest.lock";
			outputPaths = (
			);
			runOnlyForDeploymentPostprocessing = 0;
			shellPath = /bin/sh;
			shellScript = "diff \"${PODS_ROOT}/../Podfile.lock\" \"${PODS_ROOT}/Manifest.lock\" > /dev/null\nif [ $? != 0 ] ; then\n    # print error to STDERR\n    echo \"error: The sandbox is not in sync with the Podfile.lock. Run 'pod install' or update your CocoaPods installation.\" >&2\n    exit 1\nfi\n";
			showEnvVarsInLog = 0;
		};
		96B479017F7737782A6C03A0 /* [CP] Copy Pods Resources */ = {
			isa = PBXShellScriptBuildPhase;
			buildActionMask = 2147483647;
			files = (
			);
			inputPaths = (
			);
			name = "[CP] Copy Pods Resources";
			outputPaths = (
			);
			runOnlyForDeploymentPostprocessing = 0;
			shellPath = /bin/sh;
			shellScript = "\"${SRCROOT}/Pods/Target Support Files/Pods-BoomProject/Pods-BoomProject-resources.sh\"\n";
			showEnvVarsInLog = 0;
		};
		99C45854603DA6D1B66C8FCD /* [CP] Embed Pods Frameworks */ = {
			isa = PBXShellScriptBuildPhase;
			buildActionMask = 2147483647;
			files = (
			);
			inputPaths = (
			);
			name = "[CP] Embed Pods Frameworks";
			outputPaths = (
			);
			runOnlyForDeploymentPostprocessing = 0;
			shellPath = /bin/sh;
			shellScript = "\"${SRCROOT}/Pods/Target Support Files/Pods-BoomProject/Pods-BoomProject-frameworks.sh\"\n";
			showEnvVarsInLog = 0;
		};
/* End PBXShellScriptBuildPhase section */

/* Begin PBXSourcesBuildPhase section */
		40F9A8D41E3A12F3002D1219 /* Sources */ = {
			isa = PBXSourcesBuildPhase;
			buildActionMask = 2147483647;
			files = (
				40F9A8E91E3A12F3002D1219 /* BoomProject.xcdatamodeld in Sources */,
				40F9A8E01E3A12F3002D1219 /* AppDelegate.m in Sources */,
				40A8BF611E3D4F9800DD195B /* InfoViewController.m in Sources */,
				40A8BF5E1E3D3F9700DD195B /* SettingsViewController.m in Sources */,
				40A8BF641E3DF4BC00DD195B /* FormViewController.m in Sources */,
				400306C81E3E269A00C3367A /* FormTableViewCell.m in Sources */,
				40F9A8DD1E3A12F3002D1219 /* main.m in Sources */,
				40A8BF5B1E3D287F00DD195B /* LoginViewController.m in Sources */,
			);
			runOnlyForDeploymentPostprocessing = 0;
		};
/* End PBXSourcesBuildPhase section */

/* Begin PBXVariantGroup section */
		40F9A8E41E3A12F3002D1219 /* Main.storyboard */ = {
			isa = PBXVariantGroup;
			children = (
				40F9A8E51E3A12F3002D1219 /* Base */,
			);
			name = Main.storyboard;
			sourceTree = "<group>";
		};
		40F9A8EC1E3A12F3002D1219 /* LaunchScreen.storyboard */ = {
			isa = PBXVariantGroup;
			children = (
				40F9A8ED1E3A12F3002D1219 /* Base */,
			);
			name = LaunchScreen.storyboard;
			sourceTree = "<group>";
		};
/* End PBXVariantGroup section */

/* Begin XCBuildConfiguration section */
		40F9A8F01E3A12F3002D1219 /* Debug */ = {
			isa = XCBuildConfiguration;
			buildSettings = {
				ALWAYS_SEARCH_USER_PATHS = NO;
				CLANG_ANALYZER_NONNULL = YES;
				CLANG_CXX_LANGUAGE_STANDARD = "gnu++0x";
				CLANG_CXX_LIBRARY = "libc++";
				CLANG_ENABLE_MODULES = YES;
				CLANG_ENABLE_OBJC_ARC = YES;
				CLANG_WARN_BOOL_CONVERSION = YES;
				CLANG_WARN_CONSTANT_CONVERSION = YES;
				CLANG_WARN_DIRECT_OBJC_ISA_USAGE = YES_ERROR;
				CLANG_WARN_DOCUMENTATION_COMMENTS = YES;
				CLANG_WARN_EMPTY_BODY = YES;
				CLANG_WARN_ENUM_CONVERSION = YES;
				CLANG_WARN_INFINITE_RECURSION = YES;
				CLANG_WARN_INT_CONVERSION = YES;
				CLANG_WARN_OBJC_ROOT_CLASS = YES_ERROR;
				CLANG_WARN_SUSPICIOUS_MOVE = YES;
				CLANG_WARN_UNREACHABLE_CODE = YES;
				CLANG_WARN__DUPLICATE_METHOD_MATCH = YES;
				"CODE_SIGN_IDENTITY[sdk=iphoneos*]" = "iPhone Developer";
				COPY_PHASE_STRIP = NO;
				DEBUG_INFORMATION_FORMAT = dwarf;
				ENABLE_STRICT_OBJC_MSGSEND = YES;
				ENABLE_TESTABILITY = YES;
				GCC_C_LANGUAGE_STANDARD = gnu99;
				GCC_DYNAMIC_NO_PIC = NO;
				GCC_NO_COMMON_BLOCKS = YES;
				GCC_OPTIMIZATION_LEVEL = 0;
				GCC_PREPROCESSOR_DEFINITIONS = (
					"DEBUG=1",
					"$(inherited)",
				);
				GCC_WARN_64_TO_32_BIT_CONVERSION = YES;
				GCC_WARN_ABOUT_RETURN_TYPE = YES_ERROR;
				GCC_WARN_UNDECLARED_SELECTOR = YES;
				GCC_WARN_UNINITIALIZED_AUTOS = YES_AGGRESSIVE;
				GCC_WARN_UNUSED_FUNCTION = YES;
				GCC_WARN_UNUSED_VARIABLE = YES;
				IPHONEOS_DEPLOYMENT_TARGET = 10.2;
				MTL_ENABLE_DEBUG_INFO = YES;
				ONLY_ACTIVE_ARCH = YES;
				SDKROOT = iphoneos;
			};
			name = Debug;
		};
		40F9A8F11E3A12F3002D1219 /* Release */ = {
			isa = XCBuildConfiguration;
			buildSettings = {
				ALWAYS_SEARCH_USER_PATHS = NO;
				CLANG_ANALYZER_NONNULL = YES;
				CLANG_CXX_LANGUAGE_STANDARD = "gnu++0x";
				CLANG_CXX_LIBRARY = "libc++";
				CLANG_ENABLE_MODULES = YES;
				CLANG_ENABLE_OBJC_ARC = YES;
				CLANG_WARN_BOOL_CONVERSION = YES;
				CLANG_WARN_CONSTANT_CONVERSION = YES;
				CLANG_WARN_DIRECT_OBJC_ISA_USAGE = YES_ERROR;
				CLANG_WARN_DOCUMENTATION_COMMENTS = YES;
				CLANG_WARN_EMPTY_BODY = YES;
				CLANG_WARN_ENUM_CONVERSION = YES;
				CLANG_WARN_INFINITE_RECURSION = YES;
				CLANG_WARN_INT_CONVERSION = YES;
				CLANG_WARN_OBJC_ROOT_CLASS = YES_ERROR;
				CLANG_WARN_SUSPICIOUS_MOVE = YES;
				CLANG_WARN_UNREACHABLE_CODE = YES;
				CLANG_WARN__DUPLICATE_METHOD_MATCH = YES;
				"CODE_SIGN_IDENTITY[sdk=iphoneos*]" = "iPhone Developer";
				COPY_PHASE_STRIP = NO;
				DEBUG_INFORMATION_FORMAT = "dwarf-with-dsym";
				ENABLE_NS_ASSERTIONS = NO;
				ENABLE_STRICT_OBJC_MSGSEND = YES;
				GCC_C_LANGUAGE_STANDARD = gnu99;
				GCC_NO_COMMON_BLOCKS = YES;
				GCC_WARN_64_TO_32_BIT_CONVERSION = YES;
				GCC_WARN_ABOUT_RETURN_TYPE = YES_ERROR;
				GCC_WARN_UNDECLARED_SELECTOR = YES;
				GCC_WARN_UNINITIALIZED_AUTOS = YES_AGGRESSIVE;
				GCC_WARN_UNUSED_FUNCTION = YES;
				GCC_WARN_UNUSED_VARIABLE = YES;
				IPHONEOS_DEPLOYMENT_TARGET = 10.2;
				MTL_ENABLE_DEBUG_INFO = NO;
				SDKROOT = iphoneos;
				VALIDATE_PRODUCT = YES;
			};
			name = Release;
		};
		40F9A8F31E3A12F4002D1219 /* Debug */ = {
			isa = XCBuildConfiguration;
			baseConfigurationReference = CAB56724C070352C068DE274 /* Pods-BoomProject.debug.xcconfig */;
			buildSettings = {
				ASSETCATALOG_COMPILER_APPICON_NAME = AppIcon;
				DEVELOPMENT_TEAM = 49W3Q6WK7W;
				INFOPLIST_FILE = BoomProject/Info.plist;
				LD_RUNPATH_SEARCH_PATHS = "$(inherited) @executable_path/Frameworks";
				PRODUCT_BUNDLE_IDENTIFIER = am.BoomProject;
				PRODUCT_NAME = "$(TARGET_NAME)";
			};
			name = Debug;
		};
		40F9A8F41E3A12F4002D1219 /* Release */ = {
			isa = XCBuildConfiguration;
			baseConfigurationReference = E8C5435DE152BD3259FB1A8A /* Pods-BoomProject.release.xcconfig */;
			buildSettings = {
				ASSETCATALOG_COMPILER_APPICON_NAME = AppIcon;
				DEVELOPMENT_TEAM = 49W3Q6WK7W;
				INFOPLIST_FILE = BoomProject/Info.plist;
				LD_RUNPATH_SEARCH_PATHS = "$(inherited) @executable_path/Frameworks";
				PRODUCT_BUNDLE_IDENTIFIER = am.BoomProject;
				PRODUCT_NAME = "$(TARGET_NAME)";
			};
			name = Release;
		};
/* End XCBuildConfiguration section */

/* Begin XCConfigurationList section */
		40F9A8D31E3A12F3002D1219 /* Build configuration list for PBXProject "BoomProject" */ = {
			isa = XCConfigurationList;
			buildConfigurations = (
				40F9A8F01E3A12F3002D1219 /* Debug */,
				40F9A8F11E3A12F3002D1219 /* Release */,
			);
			defaultConfigurationIsVisible = 0;
			defaultConfigurationName = Release;
		};
		40F9A8F21E3A12F4002D1219 /* Build configuration list for PBXNativeTarget "BoomProject" */ = {
			isa = XCConfigurationList;
			buildConfigurations = (
				40F9A8F31E3A12F4002D1219 /* Debug */,
				40F9A8F41E3A12F4002D1219 /* Release */,
			);
			defaultConfigurationIsVisible = 0;
			defaultConfigurationName = Release;
		};
/* End XCConfigurationList section */

/* Begin XCVersionGroup section */
		40F9A8E71E3A12F3002D1219 /* BoomProject.xcdatamodeld */ = {
			isa = XCVersionGroup;
			children = (
				40F9A8E81E3A12F3002D1219 /* BoomProject.xcdatamodel */,
			);
			currentVersion = 40F9A8E81E3A12F3002D1219 /* BoomProject.xcdatamodel */;
			path = BoomProject.xcdatamodeld;
			sourceTree = "<group>";
			versionGroupType = wrapper.xcdatamodel;
		};
/* End XCVersionGroup section */
	};
	rootObject = 40F9A8D01E3A12F3002D1219 /* Project object */;
}
